{".thumbnail":"c29490948e35a27f82559772384b9418435079677181c8e57102334fae6ab150","BRIEF.md":"bdc9680cd5ac1c99e30814d247d0c60f8305e792591625c9cf7c705f8d5b1dc0","CHANGELOG.md":"af100eadf0815559684dba65b2e03aca2510f045fd81df2cfc4d657ead34a0f6","GOVERNANCE.md":"46439d7424db4ada9cfaba505ba4b647975b1492ad0d67a61a7f4b638c7f5907","SKILL.md":"2871c31f630d3fa3c6bc2969eb5cd9e3a9405accf110450c042d3806deaf6bda","components/content/Cta.d.ts":"d62754aca3a61bb62748307a700a2349acf28126d70001da80b9f8a4c70c47d2","components/content/Cta.jsx":"82e459098f48a6f392726a5723f6d9167a57ae29e3dd53cf1d297ee658d52db0","components/content/InfoCard.d.ts":"c5405a5852488bef700d2fe3b48d75d590872a6a509637d689f37b7e7b15201b","components/content/InfoCard.jsx":"1c79ce656fe95b79cccb7785d5afbd2af41af03b8df5e0f1e24b43b14f284a56","components/content/InfoCard.prompt.md":"78f1f9f807e199804d5fb830db7a16c1e09048904e52e159c4a90c59469fc13c","components/content/Quote.d.ts":"80267051c76245a19d9da7cdfb52b8bb5876a61f777a0ddf5021a26313bad49b","components/content/Quote.jsx":"26d86b908140cdcf046eb1bb4fca0417ced7740edb4431b8ed0b0df97bf1b13d","components/content/Quote.prompt.md":"a247670474b7c62e35678890ff3f16d4854c4c0f07198270a46dd24a870a8db6","components/content/Stat.d.ts":"0afdb46965ea3b33617141fbe5017f749d07b3ed8a2fbe7a9b79cd68b2b02f16","components/content/Stat.jsx":"3196afd21e95634ca6bd2232ee184ea13648c378f27a207f9d84f7d1cac55999","components/content/Stat.prompt.md":"460e5652e10fc00cf7df2b275146759d0f4fe0c7703ac4e56508f5d91166cb0d","components/content/content.card.html":"02521872e0ddab2b7b5eefbe2b8d330722ac67c5bca0d46696d35efef25e2bcc","components/illustration/BrowserMock.d.ts":"0201198ac36f4d9ad69be4a9727d24e2d77123a0cc0689f7e6e6442f394156ae","components/illustration/BrowserMock.jsx":"4ffefd5fb4514b35492d2ff9aadb1639dfccf09c539bc84c9253a16769fa6135","components/illustration/BrowserMock.prompt.md":"2552894af0ba85da093530f9c25fa5184d5eb408b59d7eae769b261b16ef0c72","components/illustration/illustration.card.html":"9b5ba5ad3101ae92d0e10756eec510711b6b905bc96670cf905d1640da2f0735","components/layout/Canvas.d.ts":"b40fdef46aec14060a1a8fb6a89e97af9253a14e2767fa84af074c54606eca57","components/layout/Canvas.jsx":"c7884415425dbf169e63fb384de1f686da618455e23978c2c2b6c61ddccaf02d","components/layout/Canvas.prompt.md":"6cefe5ce7e187e8cd8c983c2c0813446421f4fd44a235a3f7251a8ef5cb3ecf1","components/layout/Chrome.d.ts":"9fb402b26c395739bb5656bf974917a9bebfa3e54878eef1aa58b4f99ae198a2","components/layout/Chrome.jsx":"cf4752729eb312a51661c5f59bae6a77352f07a9146eea6d48d6122e3aabb636","components/layout/Chrome.prompt.md":"01cc4aa906f2de37ab739f06ff15d2ec10296276157c23ac854f08abc25418c2","components/layout/layout.card.html":"63470064fcde872aebd6dec60dc9c3cc38c954000e3c7bb0a88d033f5365935c","components/preview/FeedPost.d.ts":"d60a14dda930f17dc168343cf9f8bb0f708ed48f828685eedbd37932a55752b5","components/preview/FeedPost.jsx":"bd5556609d26225f8bcaed30a3d7438288336730f8bd66a48adf20097c63de66","components/preview/FeedPost.prompt.md":"072882dd518b25d5a3057b0b7d7eea94d54ff70f83109b8e1876577bc377057a","components/preview/preview.card.html":"8157bd3b955f4254f704ea5b079400e1db5746d51a7d34516a015518ab7814f6","components/text/Headline.d.ts":"8d3d72c7949574d02e69109afc3db54e005fcc68945bffbe73fc38b90141264d","components/text/Headline.jsx":"0ab05c2c7576917a69543df7eb4327b085a21cc52c3931753791d1c2b6c06d31","components/text/Headline.prompt.md":"7515e75259b5fe17ec485f05c1bdcef680f0e407de269cacf4e1020021960249","components/text/text.card.html":"957beaa454003ca706a0a117c2b9aacac1021b3d923c0fca4426d806f3d003e3","governance/ownership.json":"840c99310e2bfa9af2a4fea5c5b795f3850229457415c45baee123c9c0b17747","guidelines/brand-override.card.html":"4eecf18946b84712ca365f0318616454b948a998092b1cc916ae9d231b2d2248","guidelines/colors-brand.card.html":"447fbc30e3d07037e90edb7a6e5c84bcb3c5fba1e45fbca303d35925803a8362","guidelines/colors-roles.card.html":"4f32262f23031d1b911e565a5a396248003cee10b2e5c9c53eedc4b09ce8b7d3","guidelines/colors-tints.card.html":"232b1e6b602eb2a956b55a9cacf1a8c7ee497d195a4e9d37afdf78691313a9f7","guidelines/spacing-canvas.card.html":"65867e6cf635c61f342ea14ad04de398047bf26a1b18db5113ea12466400194c","guidelines/spacing-radii.card.html":"099d4ee54e29a3f3279f0163a3ed6dc157be8ed212d70ca94ee7ade370b10fd5","guidelines/spacing-scale.card.html":"da37183b931288514762dd68ab0d107876b37e2bdf9483537ce409962c80caeb","guidelines/type-family.card.html":"21a4d6c8f3789a1a53ffc88f2bfa050cc23a321b3397bf32f5be0ae571d8fcce","guidelines/type-headline.card.html":"26e34e786b4841196b9e8897bf7fc63d9f6daad904e34fd9e8a9ffce8c2fbba5","guidelines/type-supporting.card.html":"d08f4ca875209d77ae7496a1b75c6d3bb19403730d7bc0212922ead672965c0b","posture.md":"5ca3802a47df4cbded65e78885916958a0e962b016f746736dbeb847e09c3936","principles/brief-studio.card.html":"5ee05c113447f6b6b78a72d6f93eb092bcdfe4027acc5297645d6e8751b2a1fe","principles/brief.card.html":"f4389f790bc2f07d485cf2adc2188d9390a7da51046a7dbc595fdf7da2043ad9","principles/canvas-roles.card.html":"d8062436ca0bbc518c048d2046188d45707058bff9a4222c7c1ec6edec3a2bb8","principles/chrome.card.html":"86401173b98b0ceca4b04c3101e7e7ae9456a1713768b1d6b5904b68d72e3a29","principles/delivery-surface.card.html":"e90ad6082ab43e944174ea2e9b459683d4cf7e3304e1e821b863ee3a537a9d20","principles/delivery.card.html":"cdb3f257d6f3727752bf0f9e449e711691a1fd6d114b0a813972a3113c4757fe","principles/format.card.html":"7a54feeb80651ba9fe0fc1954af12ba3a4db389f6a9ea480be764057f86bb4ad","principles/master-branches.card.html":"cf40be64e1adf3d3ff4746fc038eb0538469381d4e69e5e739a768fb2045be02","principles/north-star.card.html":"c893f994645679dd90307e15ea930581f93bc1fc239f1707133bcd1a62c7b591","principles/senior-designer.card.html":"491fb63c90fb995718aa26e237e26b6be594c18b9ddbfa2829eccfe4fa6941a2","principles/setup.card.html":"3331da5521a8d4a0beb6b58607b9046627dee1dd4e5fde002d61312cec40db5d","principles/starter-brief.card.html":"000220fbb3c81456971845e6d295731bf01d3b6ef25594d42b5569f04a27eae0","principles/text-hierarchy.card.html":"a1e326580b5fb565c6e0790394c4e11fc240cb71f195acf80b732b0e6bab1c2f","principles/types.card.html":"63c8de91967e27bb8ef19f3e84a2efaaf9d06d6bf0aee1343cd6eff7921de831","principles/updates-enforcement.card.html":"f943a37d912e791ae6adc18d903386664c858eb1d35e211e73d1eaceac1b3e10","principles/workflow.card.html":"1787913db8010e789b85aa8b9d56fe8ed7b1f505c22c7a0ee733b1c76de4aa99","readme.md":"51f8e6ec89a64545534a1ae67df79d416911bae534f66089b6a91097df65ec9d","styles.css":"8abaf175a1d6e8bd4fb4890c89066be896c95bd70c5685f2084a610ee3558227","templates/carousel/Carousel.dc.html":"63856be9bbc445b53ce03793633a4297d9e3d326a5f4d7f979f625bbe8a4adb6","templates/carousel/ds-base.js":"20ae0857bffb2b7ddd2a09a08d7c2309f3674236a8c407a55cf2857cfdd535bb","templates/infographic/Infographic.dc.html":"bebe4ae1dbc5fc245de54a4b9d32ec74e38031587b734e2a63467e8d9e68ae8d","templates/infographic/ds-base.js":"20ae0857bffb2b7ddd2a09a08d7c2309f3674236a8c407a55cf2857cfdd535bb","templates/quote-visual/QuoteVisual.dc.html":"b478395d2363538b966d88f50404e67d11618bb26e078b525cbbde1c5c3a19d4","templates/quote-visual/ds-base.js":"20ae0857bffb2b7ddd2a09a08d7c2309f3674236a8c407a55cf2857cfdd535bb","templates/single-visual/SingleVisual.dc.html":"745ecb8ac7bb3470203912af2afdbd0a91041bc463beae9e637a028b172ea9c8","templates/single-visual/ds-base.js":"20ae0857bffb2b7ddd2a09a08d7c2309f3674236a8c407a55cf2857cfdd535bb","templates/start-here/StartHere.dc.html":"b01806c7a93a5ad19a1f914be20462b79d66092a1c91be81555346c13672989b","templates/start-here/ds-base.js":"763f4c622fe7f52fd9d2fd580b968245bf45849c21255e260c8aa621b4ca8ac2","tokens/brand.css":"21a6b38906dba08fcd1961c0d25dde0144134b1b5da53238a0c7f67c0aec16fa","tokens/canvas.css":"068c4bfd886860af1d7b656b2724e2d39cecb4a2bd47331f91b3cf8d3f550b38","tokens/fonts.css":"b821468e616dfa608fd4838d2e27e464e74b54108b9cccb3e410ce65f62d1f83","tokens/headline.css":"6c5e074f7dd8ecce425ff845bbb28fb918abad24df0ee133ff29ba4d4ade1207","tokens/spacing.css":"c5cae40af5ca06b64b9565a52f1f372fc33fe7558b9caeb29db99eb3ecd5a7b2","tokens/typography.css":"796c2b239f098948c074c9ff7f95ca4c4d3ef138f8bffd9dbbd58fe05b36c5a3","tools/README.md":"8cb6b9cc299bc02594ffb93517c63125509cb7c040819e79640f57c36b249d88","tools/check-branch.mjs":"b1fe2693a22ed7c532b1fa380d067a5fadb1cdaf358abf85076dc715264467bb","tools/check-update.mjs":"fbb7c85024678b00c8bd837858cbe69273b30ae2cf9b9e1605e54f74de92e9df","ui_kits/brief-studio/BriefStudio.jsx":"121d92708d6e30c6beecdd3c17fddfc67cf6d14cb7253b0754283b7d4ecd5c02","ui_kits/brief-studio/README.md":"ca7d62278f2053e599af4b98fcc126595a64958e37256afaeb559426b393b361","ui_kits/brief-studio/index.html":"6ce5dcaa99313f0ce930b831c01d4b80cd682091d6135e47161ace9bb14d6f26","ui_kits/setup/Setup.jsx":"6d880af69fe8cd7565cde09e8cadb39989657a22a43da3bae774e932ac47befc","ui_kits/setup/index.html":"1297e6603f9aec60fc60c97e09549ccbd26fc601469bd9646dce49e594f26a94","ui_kits/update-center/UpdateCenter.jsx":"c049b459323e0176d9dc944adf3883d9c1ca89f9db30135aef64372c871ab74b","ui_kits/update-center/index.html":"2e1f937b94d861bf548f0a2bf8f367e3fde2dd89effc70f658b2bf976b9c617c","ui_kits/visual-library/README.md":"42fd332621f88734deb939b74ed4a922a1002e56d9f7fe42a4f2381522ab199d","ui_kits/visual-library/VisualLibrary.jsx":"d8b82962af64c084b03066439dad4f791cdf0fcd3fa4a267b999afae612e721c","ui_kits/visual-library/index.html":"d33eca81b782104a400a334819c2bf373bc919b27ebbdabe205e3b40f6873977","ui_kits/visual-library/sampleVisuals.jsx":"66e360f74fcb72fe812c4a7187b6e48340eb25fe8eea3069e05f1d29e5b78599","update-manifest.json":"debb4acd8488e853a86def9cfade6bdcdf65f30250cc5b1d58540ac6541e19c3"}